{
  "nodes": {
    "data": {
      "inputs": {
        "flake-utils": [
          "personal-webpage",
          "flake-utils"
        ],
        "nixpkgs": [
          "personal-webpage",
          "nixpkgs"
        ]
      },
      "locked": {
        "lastModified": 1676498599,
        "narHash": "sha256-eLqhEoQZhCcpQvBE2TZe0VVyfV+DnWJKUDoZEMTHN4g=",
        "owner": "qaristote",
        "repo": "info",
        "rev": "4f91bd86bbe9bc3e7fdc04916f244ace13a92a15",
        "type": "github"
      },
      "original": {
        "owner": "qaristote",
        "repo": "info",
        "type": "github"
      }
    },
    "flake-utils": {
      "locked": {
        "lastModified": 1676283394,
        "narHash": "sha256-XX2f9c3iySLCw54rJ/CZs+ZK6IQy7GXNY4nSOyu2QG4=",
        "owner": "numtide",
        "repo": "flake-utils",
        "rev": "3db36a8b464d0c4532ba1c7dda728f4576d6d073",
        "type": "github"
      },
      "original": {
        "id": "flake-utils",
        "type": "indirect"
      }
    },
    "my-nixpkgs": {
      "inputs": {
        "nur": "nur"
      },
      "locked": {
        "lastModified": 1676820683,
        "narHash": "sha256-Duxvn4bUTG0n03KO3cxvqThtEk1e6FfLdGXJLKrOV8c=",
        "type": "git",
        "url": "file:///home/qaristote/code/nix/my-nixpkgs"
      },
      "original": {
        "type": "git",
        "url": "file:///home/qaristote/code/nix/my-nixpkgs"
      }
    },
    "nixpkgs": {
      "locked": {
        "lastModified": 1676771332,
        "narHash": "sha256-YYn2K0AwyIyCzvP7C+xzEt64rlCRPyrllRPGNNu+50M=",
        "owner": "NixOS",
        "repo": "nixpkgs",
        "rev": "f27a4e2f6a3a23b843ca1c736e6043fb8b99acc1",
        "type": "github"
      },
      "original": {
        "owner": "NixOS",
        "ref": "nixos-22.11-small",
        "repo": "nixpkgs",
        "type": "github"
      }
    },
    "nixpkgs-unstable": {
      "locked": {
        "lastModified": 1676795730,
        "narHash": "sha256-X69A9BdcPTySJJ7DqS4wc8b6eqGKi32jCSyaBsz4WB0=",
        "owner": "NixOS",
        "repo": "nixpkgs",
        "rev": "efc59894b1ba73cb745676616c56c780383d6788",
        "type": "github"
      },
      "original": {
        "owner": "NixOS",
        "ref": "nixos-unstable-small",
        "repo": "nixpkgs",
        "type": "github"
      }
    },
    "nur": {
      "locked": {
        "lastModified": 1676820779,
        "narHash": "sha256-/EmCS02RHZbpOXLuv+iItYkice2/yjsSq2r0yAKenHE=",
        "owner": "nix-community",
        "repo": "NUR",
        "rev": "776010dc73870aa36e322411c47ede8155e1b2dd",
        "type": "github"
      },
      "original": {
        "id": "nur",
        "type": "indirect"
      }
    },
    "personal-webpage": {
      "inputs": {
        "data": "data",
        "flake-utils": "flake-utils",
        "nixpkgs": [
          "nixpkgs"
        ],
        "uncss": "uncss"
      },
      "locked": {
        "lastModified": 1676669690,
        "narHash": "sha256-JOQhAYEd5/kvUGBuaMY8cpWDE9jAMKLON9/E5S9ve0o=",
        "owner": "qaristote",
        "repo": "webpage",
        "rev": "2fa3778f333a59c3e8af26205b921ad0a7d1168e",
        "type": "github"
      },
      "original": {
        "owner": "qaristote",
        "repo": "webpage",
        "type": "github"
      }
    },
    "root": {
      "inputs": {
        "my-nixpkgs": "my-nixpkgs",
        "nixpkgs": "nixpkgs",
        "nixpkgs-unstable": "nixpkgs-unstable",
        "personal-webpage": "personal-webpage"
      }
    },
    "uncss": {
      "inputs": {
        "flake-utils": [
          "personal-webpage",
          "flake-utils"
        ],
        "nixpkgs": [
          "personal-webpage",
          "nixpkgs"
        ]
      },
      "locked": {
        "lastModified": 1668549614,
        "narHash": "sha256-1C2qBUB5Wz7DPPYR4DQi8hh2xoFA89WgEfdI2bsv4pI=",
        "owner": "qaristote",
        "repo": "uncss",
        "rev": "0e5a335e85ec85ff6f764ea87adb5c7da83b0924",
        "type": "github"
      },
      "original": {
        "owner": "qaristote",
        "repo": "uncss",
        "type": "github"
      }
    }
  },
  "root": "root",
  "version": 7
}
