{
  "nodes": {
    "data": {
      "inputs": {
        "flake-utils": [
          "personal-webpage",
          "flake-utils"
        ],
        "nixpkgs": [
          "personal-webpage",
          "nixpkgs"
        ]
      },
      "locked": {
        "lastModified": 1678787929,
        "narHash": "sha256-ShoS2Y2z+1i35DpB78ALl5jQR0nmEsCI1iDgCgOC/1M=",
        "owner": "qaristote",
        "repo": "info",
        "rev": "5750265a8616d02049a02e492804a995ab2baa25",
        "type": "github"
      },
      "original": {
        "owner": "qaristote",
        "repo": "info",
        "type": "github"
      }
    },
    "flake-utils": {
      "locked": {
        "lastModified": 1678901627,
        "narHash": "sha256-U02riOqrKKzwjsxc/400XnElV+UtPUQWpANPlyazjH0=",
        "owner": "numtide",
        "repo": "flake-utils",
        "rev": "93a2b84fc4b70d9e089d029deacc3583435c2ed6",
        "type": "github"
      },
      "original": {
        "id": "flake-utils",
        "type": "indirect"
      }
    },
    "flake-utils_2": {
      "locked": {
        "lastModified": 1678901627,
        "narHash": "sha256-U02riOqrKKzwjsxc/400XnElV+UtPUQWpANPlyazjH0=",
        "owner": "numtide",
        "repo": "flake-utils",
        "rev": "93a2b84fc4b70d9e089d029deacc3583435c2ed6",
        "type": "github"
      },
      "original": {
        "id": "flake-utils",
        "type": "indirect"
      }
    },
    "my-nixpkgs": {
      "inputs": {
        "flake-utils": "flake-utils",
        "nixpkgs": "nixpkgs",
        "nur": "nur"
      },
      "locked": {
        "lastModified": 1680281934,
        "narHash": "sha256-VfrFGlgft+HLNPRCEbZbkK7cJw9o2iRdIbEDa3Rbyxc=",
        "owner": "qaristote",
        "repo": "my-nixpkgs",
        "rev": "66f6eb70004acafb746a98036ccc22c26c4b7bdd",
        "type": "github"
      },
      "original": {
        "owner": "qaristote",
        "repo": "my-nixpkgs",
        "type": "github"
      }
    },
    "nixpkgs": {
      "locked": {
        "lastModified": 1679673789,
        "narHash": "sha256-y2b9ynAJW1BpZYrcHJGtY+FJm81qwSaU295U5EcVmwE=",
        "owner": "NixOS",
        "repo": "nixpkgs",
        "rev": "b1c1d5c8145940cae66715674559641b435c2ef3",
        "type": "github"
      },
      "original": {
        "id": "nixpkgs",
        "type": "indirect"
      }
    },
    "nixpkgs-unstable": {
      "locked": {
        "lastModified": 1680304139,
        "narHash": "sha256-nAt8xJHsjwVXcKjQweDmSoTK08gqkVhYacyw5YjXpso=",
        "owner": "NixOS",
        "repo": "nixpkgs",
        "rev": "4f48201a0dc61fd2d45e3387ee361002547bba8c",
        "type": "github"
      },
      "original": {
        "owner": "NixOS",
        "ref": "nixos-unstable-small",
        "repo": "nixpkgs",
        "type": "github"
      }
    },
    "nixpkgs_2": {
      "locked": {
        "lastModified": 1680183455,
        "narHash": "sha256-lhlRyEZE1CZ2B5h4goEbS3Env7G6ORojj0/+AAGOooM=",
        "owner": "NixOS",
        "repo": "nixpkgs",
        "rev": "646930ff24273c6d91fb3ea37531261553043b50",
        "type": "github"
      },
      "original": {
        "owner": "NixOS",
        "ref": "nixos-22.11-small",
        "repo": "nixpkgs",
        "type": "github"
      }
    },
    "nur": {
      "locked": {
        "lastModified": 1679744081,
        "narHash": "sha256-EDAKCvm1n1pJFOaPa1+0Xn0PUsrjzQ6O5Va4hytIknw=",
        "owner": "nix-community",
        "repo": "NUR",
        "rev": "52907d05e9d017092da0cec9ff1100b3aca7edf2",
        "type": "github"
      },
      "original": {
        "id": "nur",
        "type": "indirect"
      }
    },
    "personal-webpage": {
      "inputs": {
        "data": "data",
        "flake-utils": "flake-utils_2",
        "nixpkgs": [
          "nixpkgs"
        ],
        "uncss": "uncss"
      },
      "locked": {
        "lastModified": 1680342206,
        "narHash": "sha256-u/rCWE48jYUrWTu1RCH58gCeGff4P98aIVwd3nn96IQ=",
        "owner": "qaristote",
        "repo": "webpage",
        "rev": "5dcb12b6a32ec09ded396c8f77a6058417627f44",
        "type": "github"
      },
      "original": {
        "owner": "qaristote",
        "repo": "webpage",
        "type": "github"
      }
    },
    "root": {
      "inputs": {
        "my-nixpkgs": "my-nixpkgs",
        "nixpkgs": "nixpkgs_2",
        "nixpkgs-unstable": "nixpkgs-unstable",
        "personal-webpage": "personal-webpage"
      }
    },
    "uncss": {
      "inputs": {
        "flake-utils": [
          "personal-webpage",
          "flake-utils"
        ],
        "nixpkgs": [
          "personal-webpage",
          "nixpkgs"
        ]
      },
      "locked": {
        "lastModified": 1668549614,
        "narHash": "sha256-1C2qBUB5Wz7DPPYR4DQi8hh2xoFA89WgEfdI2bsv4pI=",
        "owner": "qaristote",
        "repo": "uncss",
        "rev": "0e5a335e85ec85ff6f764ea87adb5c7da83b0924",
        "type": "github"
      },
      "original": {
        "owner": "qaristote",
        "repo": "uncss",
        "type": "github"
      }
    }
  },
  "root": "root",
  "version": 7
}
