{
  "nodes": {
    "data": {
      "inputs": {
        "flake-utils": [
          "personal-webpage",
          "flake-utils"
        ],
        "nixpkgs": [
          "personal-webpage",
          "nixpkgs"
        ]
      },
      "locked": {
        "lastModified": 1668631291,
        "narHash": "sha256-4c4vm/qb9PP6OTgHtEJcD2NoDwlMgYg4Z9Q6natda9o=",
        "owner": "qaristote",
        "repo": "info",
        "rev": "bc83aaf07a793823676d3d94c1d50b10be9b4a57",
        "type": "github"
      },
      "original": {
        "owner": "qaristote",
        "repo": "info",
        "type": "github"
      }
    },
    "flake-utils": {
      "locked": {
        "lastModified": 1667395993,
        "narHash": "sha256-nuEHfE/LcWyuSWnS8t12N1wc105Qtau+/OdUAjtQ0rA=",
        "owner": "numtide",
        "repo": "flake-utils",
        "rev": "5aed5285a952e0b949eb3ba02c12fa4fcfef535f",
        "type": "github"
      },
      "original": {
        "id": "flake-utils",
        "type": "indirect"
      }
    },
    "nixpkgs": {
      "locked": {
        "lastModified": 1668595402,
        "narHash": "sha256-12zewsdsS3hFyWSb9x8a1pnbYOcsohvWoB6RYkMvlWE=",
        "owner": "NixOS",
        "repo": "nixpkgs",
        "rev": "c03141948959417b580a9cbd57983af910d6727a",
        "type": "github"
      },
      "original": {
        "id": "nixpkgs",
        "type": "indirect"
      }
    },
    "personal-webpage": {
      "inputs": {
        "data": "data",
        "flake-utils": [
          "flake-utils"
        ],
        "nixpkgs": [
          "nixpkgs"
        ],
        "uncss": "uncss"
      },
      "locked": {
        "lastModified": 1668637413,
        "narHash": "sha256-Uj/aYwlLRV8ZQqO7M8ZCkrTsMXM04+ByQktUQHiJpiM=",
        "owner": "qaristote",
        "repo": "webpage",
        "rev": "4098a8323a2dfbb498e1e59bef417b48b1034775",
        "type": "github"
      },
      "original": {
        "owner": "qaristote",
        "repo": "webpage",
        "type": "github"
      }
    },
    "root": {
      "inputs": {
        "flake-utils": "flake-utils",
        "nixpkgs": "nixpkgs",
        "personal-webpage": "personal-webpage"
      }
    },
    "uncss": {
      "inputs": {
        "flake-utils": [
          "personal-webpage",
          "flake-utils"
        ],
        "nixpkgs": [
          "personal-webpage",
          "nixpkgs"
        ]
      },
      "locked": {
        "lastModified": 1668549614,
        "narHash": "sha256-1C2qBUB5Wz7DPPYR4DQi8hh2xoFA89WgEfdI2bsv4pI=",
        "owner": "qaristote",
        "repo": "uncss",
        "rev": "0e5a335e85ec85ff6f764ea87adb5c7da83b0924",
        "type": "github"
      },
      "original": {
        "owner": "qaristote",
        "repo": "uncss",
        "type": "github"
      }
    }
  },
  "root": "root",
  "version": 7
}
